// !$*UTF8*$!
{
	archiveVersion = 1;
	classes = {
	};
	objectVersion = 56;
	objects = {

/* Begin PBXBuildFile section */
		CDBB90662A35C006006C9755 /* HB_Private_BrowserApp.swift in Sources */ = {isa = PBXBuildFile; fileRef = CDBB90652A35C006006C9755 /* HB_Private_BrowserApp.swift */; };
		CDBB90682A35C006006C9755 /* ContentView.swift in Sources */ = {isa = PBXBuildFile; fileRef = CDBB90672A35C006006C9755 /* ContentView.swift */; };
		CDBB906A2A35C007006C9755 /* Assets.xcassets in Resources */ = {isa = PBXBuildFile; fileRef = CDBB90692A35C007006C9755 /* Assets.xcassets */; };
		CDBB906D2A35C007006C9755 /* Preview Assets.xcassets in Resources */ = {isa = PBXBuildFile; fileRef = CDBB906C2A35C007006C9755 /* Preview Assets.xcassets */; };
		CDBB90742A35C116006C9755 /* WebViewScreen.swift in Sources */ = {isa = PBXBuildFile; fileRef = CDBB90732A35C116006C9755 /* WebViewScreen.swift */; };
		CDBB90762A35C138006C9755 /* WebViewState.swift in Sources */ = {isa = PBXBuildFile; fileRef = CDBB90752A35C138006C9755 /* WebViewState.swift */; };
		CDBB90782A35C15C006C9755 /* WebViewWrapper.swift in Sources */ = {isa = PBXBuildFile; fileRef = CDBB90772A35C15C006C9755 /* WebViewWrapper.swift */; };
		CDBB907A2A35C182006C9755 /* DismissableKeyboard.swift in Sources */ = {isa = PBXBuildFile; fileRef = CDBB90792A35C182006C9755 /* DismissableKeyboard.swift */; };
		CDBB907C2A35C1AC006C9755 /* FaceID.swift in Sources */ = {isa = PBXBuildFile; fileRef = CDBB907B2A35C1AC006C9755 /* FaceID.swift */; };
		CDBB908E2A392D15006C9755 /* DataService.swift in Sources */ = {isa = PBXBuildFile; fileRef = CDBB908D2A392D15006C9755 /* DataService.swift */; };
		CDBB90912A393135006C9755 /* KeychainSwift in Frameworks */ = {isa = PBXBuildFile; productRef = CDBB90902A393135006C9755 /* KeychainSwift */; };
/* End PBXBuildFile section */

/* Begin PBXFileReference section */
		CDBB90622A35C006006C9755 /* HB Private Browser.app */ = {isa = PBXFileReference; explicitFileType = wrapper.application; includeInIndex = 0; path = "HB Private Browser.app"; sourceTree = BUILT_PRODUCTS_DIR; };
		CDBB90652A35C006006C9755 /* HB_Private_BrowserApp.swift */ = {isa = PBXFileReference; lastKnownFileType = sourcecode.swift; path = HB_Private_BrowserApp.swift; sourceTree = "<group>"; };
		CDBB90672A35C006006C9755 /* ContentView.swift */ = {isa = PBXFileReference; lastKnownFileType = sourcecode.swift; path = ContentView.swift; sourceTree = "<group>"; };
		CDBB90692A35C007006C9755 /* Assets.xcassets */ = {isa = PBXFileReference; lastKnownFileType = folder.assetcatalog; path = Assets.xcassets; sourceTree = "<group>"; };
		CDBB906C2A35C007006C9755 /* Preview Assets.xcassets */ = {isa = PBXFileReference; lastKnownFileType = folder.assetcatalog; path = "Preview Assets.xcassets"; sourceTree = "<group>"; };
		CDBB90732A35C116006C9755 /* WebViewScreen.swift */ = {isa = PBXFileReference; lastKnownFileType = sourcecode.swift; path = WebViewScreen.swift; sourceTree = "<group>"; };
		CDBB90752A35C138006C9755 /* WebViewState.swift */ = {isa = PBXFileReference; lastKnownFileType = sourcecode.swift; path = WebViewState.swift; sourceTree = "<group>"; };
		CDBB90772A35C15C006C9755 /* WebViewWrapper.swift */ = {isa = PBXFileReference; lastKnownFileType = sourcecode.swift; path = WebViewWrapper.swift; sourceTree = "<group>"; };
		CDBB90792A35C182006C9755 /* DismissableKeyboard.swift */ = {isa = PBXFileReference; lastKnownFileType = sourcecode.swift; path = DismissableKeyboard.swift; sourceTree = "<group>"; };
		CDBB907B2A35C1AC006C9755 /* FaceID.swift */ = {isa = PBXFileReference; lastKnownFileType = sourcecode.swift; path = FaceID.swift; sourceTree = "<group>"; };
		CDBB908D2A392D15006C9755 /* DataService.swift */ = {isa = PBXFileReference; lastKnownFileType = sourcecode.swift; path = DataService.swift; sourceTree = "<group>"; };
		CDBB90922A3ADFCF006C9755 /* HB-Private-Browser-Info.plist */ = {isa = PBXFileReference; lastKnownFileType = text.plist; path = "HB-Private-Browser-Info.plist"; sourceTree = SOURCE_ROOT; };
/* End PBXFileReference section */

/* Begin PBXFrameworksBuildPhase section */
		CDBB905F2A35C006006C9755 /* Frameworks */ = {
			isa = PBXFrameworksBuildPhase;
			buildActionMask = 2147483647;
			files = (
				CDBB90912A393135006C9755 /* KeychainSwift in Frameworks */,
			);
			runOnlyForDeploymentPostprocessing = 0;
		};
/* End PBXFrameworksBuildPhase section */

/* Begin PBXGroup section */
		CDBB90592A35C006006C9755 = {
			isa = PBXGroup;
			children = (
				CDBB90642A35C006006C9755 /* HB Private Browser */,
				CDBB90632A35C006006C9755 /* Products */,
			);
			sourceTree = "<group>";
		};
		CDBB90632A35C006006C9755 /* Products */ = {
			isa = PBXGroup;
			children = (
				CDBB90622A35C006006C9755 /* HB Private Browser.app */,
			);
			name = Products;
			sourceTree = "<group>";
		};
		CDBB90642A35C006006C9755 /* HB Private Browser */ = {
			isa = PBXGroup;
			children = (
				CDBB90652A35C006006C9755 /* HB_Private_BrowserApp.swift */,
				CDBB90672A35C006006C9755 /* ContentView.swift */,
				CDBB90732A35C116006C9755 /* WebViewScreen.swift */,
				CDBB90752A35C138006C9755 /* WebViewState.swift */,
				CDBB90772A35C15C006C9755 /* WebViewWrapper.swift */,
				CDBB90792A35C182006C9755 /* DismissableKeyboard.swift */,
				CDBB907B2A35C1AC006C9755 /* FaceID.swift */,
				CDBB908D2A392D15006C9755 /* DataService.swift */,
				CDBB90692A35C007006C9755 /* Assets.xcassets */,
				CDBB90922A3ADFCF006C9755 /* HB-Private-Browser-Info.plist */,
				CDBB906B2A35C007006C9755 /* Preview Content */,
			);
			path = "HB Private Browser";
			sourceTree = "<group>";
		};
		CDBB906B2A35C007006C9755 /* Preview Content */ = {
			isa = PBXGroup;
			children = (
				CDBB906C2A35C007006C9755 /* Preview Assets.xcassets */,
			);
			path = "Preview Content";
			sourceTree = "<group>";
		};
/* End PBXGroup section */

/* Begin PBXNativeTarget section */
		CDBB90612A35C006006C9755 /* HB Private Browser */ = {
			isa = PBXNativeTarget;
			buildConfigurationList = CDBB90702A35C007006C9755 /* Build configuration list for PBXNativeTarget "HB Private Browser" */;
			buildPhases = (
				CDBB905E2A35C006006C9755 /* Sources */,
				CDBB905F2A35C006006C9755 /* Frameworks */,
				CDBB90602A35C006006C9755 /* Resources */,
			);
			buildRules = (
			);
			dependencies = (
			);
			name = "HB Private Browser";
			packageProductDependencies = (
				CDBB90902A393135006C9755 /* KeychainSwift */,
			);
			productName = "HB Private Browser";
			productReference = CDBB90622A35C006006C9755 /* HB Private Browser.app */;
			productType = "com.apple.product-type.application";
		};
/* End PBXNativeTarget section */

/* Begin PBXProject section */
		CDBB905A2A35C006006C9755 /* Project object */ = {
			isa = PBXProject;
			attributes = {
				BuildIndependentTargetsInParallel = 1;
				LastSwiftUpdateCheck = 1430;
				LastUpgradeCheck = 1430;
				TargetAttributes = {
					CDBB90612A35C006006C9755 = {
						CreatedOnToolsVersion = 14.3.1;
					};
				};
			};
			buildConfigurationList = CDBB905D2A35C006006C9755 /* Build configuration list for PBXProject "HB Private Browser" */;
			compatibilityVersion = "Xcode 14.0";
			developmentRegion = en;
			hasScannedForEncodings = 0;
			knownRegions = (
				en,
				Base,
			);
			mainGroup = CDBB90592A35C006006C9755;
			packageReferences = (
				CDBB908F2A393135006C9755 /* XCRemoteSwiftPackageReference "keychain-swift" */,
			);
			productRefGroup = CDBB90632A35C006006C9755 /* Products */;
			projectDirPath = "";
			projectRoot = "";
			targets = (
				CDBB90612A35C006006C9755 /* HB Private Browser */,
			);
		};
/* End PBXProject section */

/* Begin PBXResourcesBuildPhase section */
		CDBB90602A35C006006C9755 /* Resources */ = {
			isa = PBXResourcesBuildPhase;
			buildActionMask = 2147483647;
			files = (
				CDBB906D2A35C007006C9755 /* Preview Assets.xcassets in Resources */,
				CDBB906A2A35C007006C9755 /* Assets.xcassets in Resources */,
			);
			runOnlyForDeploymentPostprocessing = 0;
		};
/* End PBXResourcesBuildPhase section */

/* Begin PBXSourcesBuildPhase section */
		CDBB905E2A35C006006C9755 /* Sources */ = {
			isa = PBXSourcesBuildPhase;
			buildActionMask = 2147483647;
			files = (
				CDBB90782A35C15C006C9755 /* WebViewWrapper.swift in Sources */,
				CDBB907A2A35C182006C9755 /* DismissableKeyboard.swift in Sources */,
				CDBB90742A35C116006C9755 /* WebViewScreen.swift in Sources */,
				CDBB90682A35C006006C9755 /* ContentView.swift in Sources */,
				CDBB90662A35C006006C9755 /* HB_Private_BrowserApp.swift in Sources */,
				CDBB90762A35C138006C9755 /* WebViewState.swift in Sources */,
				CDBB907C2A35C1AC006C9755 /* FaceID.swift in Sources */,
				CDBB908E2A392D15006C9755 /* DataService.swift in Sources */,
			);
			runOnlyForDeploymentPostprocessing = 0;
		};
/* End PBXSourcesBuildPhase section */

/* Begin XCBuildConfiguration section */
		CDBB906E2A35C007006C9755 /* Debug */ = {
			isa = XCBuildConfiguration;
			buildSettings = {
				ALWAYS_SEARCH_USER_PATHS = NO;
				CLANG_ANALYZER_NONNULL = YES;
				CLANG_ANALYZER_NUMBER_OBJECT_CONVERSION = YES_AGGRESSIVE;
				CLANG_CXX_LANGUAGE_STANDARD = "gnu++20";
				CLANG_ENABLE_MODULES = YES;
				CLANG_ENABLE_OBJC_ARC = YES;
				CLANG_ENABLE_OBJC_WEAK = YES;
				CLANG_WARN_BLOCK_CAPTURE_AUTORELEASING = YES;
				CLANG_WARN_BOOL_CONVERSION = YES;
				CLANG_WARN_COMMA = YES;
				CLANG_WARN_CONSTANT_CONVERSION = YES;
				CLANG_WARN_DEPRECATED_OBJC_IMPLEMENTATIONS = YES;
				CLANG_WARN_DIRECT_OBJC_ISA_USAGE = YES_ERROR;
				CLANG_WARN_DOCUMENTATION_COMMENTS = YES;
				CLANG_WARN_EMPTY_BODY = YES;
				CLANG_WARN_ENUM_CONVERSION = YES;
				CLANG_WARN_INFINITE_RECURSION = YES;
				CLANG_WARN_INT_CONVERSION = YES;
				CLANG_WARN_NON_LITERAL_NULL_CONVERSION = YES;
				CLANG_WARN_OBJC_IMPLICIT_RETAIN_SELF = YES;
				CLANG_WARN_OBJC_LITERAL_CONVERSION = YES;
				CLANG_WARN_OBJC_ROOT_CLASS = YES_ERROR;
				CLANG_WARN_QUOTED_INCLUDE_IN_FRAMEWORK_HEADER = YES;
				CLANG_WARN_RANGE_LOOP_ANALYSIS = YES;
				CLANG_WARN_STRICT_PROTOTYPES = YES;
				CLANG_WARN_SUSPICIOUS_MOVE = YES;
				CLANG_WARN_UNGUARDED_AVAILABILITY = YES_AGGRESSIVE;
				CLANG_WARN_UNREACHABLE_CODE = YES;
				CLANG_WARN__DUPLICATE_METHOD_MATCH = YES;
				COPY_PHASE_STRIP = NO;
				DEBUG_INFORMATION_FORMAT = dwarf;
				ENABLE_STRICT_OBJC_MSGSEND = YES;
				ENABLE_TESTABILITY = YES;
				GCC_C_LANGUAGE_STANDARD = gnu11;
				GCC_DYNAMIC_NO_PIC = NO;
				GCC_NO_COMMON_BLOCKS = YES;
				GCC_OPTIMIZATION_LEVEL = 0;
				GCC_PREPROCESSOR_DEFINITIONS = (
					"DEBUG=1",
					"$(inherited)",
				);
				GCC_WARN_64_TO_32_BIT_CONVERSION = YES;
				GCC_WARN_ABOUT_RETURN_TYPE = YES_ERROR;
				GCC_WARN_UNDECLARED_SELECTOR = YES;
				GCC_WARN_UNINITIALIZED_AUTOS = YES_AGGRESSIVE;
				GCC_WARN_UNUSED_FUNCTION = YES;
				GCC_WARN_UNUSED_VARIABLE = YES;
				IPHONEOS_DEPLOYMENT_TARGET = 16.4;
				MTL_ENABLE_DEBUG_INFO = INCLUDE_SOURCE;
				MTL_FAST_MATH = YES;
				ONLY_ACTIVE_ARCH = YES;
				SDKROOT = iphoneos;
				SWIFT_ACTIVE_COMPILATION_CONDITIONS = DEBUG;
				SWIFT_OPTIMIZATION_LEVEL = "-Onone";
			};
			name = Debug;
		};
		CDBB906F2A35C007006C9755 /* Release */ = {
			isa = XCBuildConfiguration;
			buildSettings = {
				ALWAYS_SEARCH_USER_PATHS = NO;
				CLANG_ANALYZER_NONNULL = YES;
				CLANG_ANALYZER_NUMBER_OBJECT_CONVERSION = YES_AGGRESSIVE;
				CLANG_CXX_LANGUAGE_STANDARD = "gnu++20";
				CLANG_ENABLE_MODULES = YES;
				CLANG_ENABLE_OBJC_ARC = YES;
				CLANG_ENABLE_OBJC_WEAK = YES;
				CLANG_WARN_BLOCK_CAPTURE_AUTORELEASING = YES;
				CLANG_WARN_BOOL_CONVERSION = YES;
				CLANG_WARN_COMMA = YES;
				CLANG_WARN_CONSTANT_CONVERSION = YES;
				CLANG_WARN_DEPRECATED_OBJC_IMPLEMENTATIONS = YES;
				CLANG_WARN_DIRECT_OBJC_ISA_USAGE = YES_ERROR;
				CLANG_WARN_DOCUMENTATION_COMMENTS = YES;
				CLANG_WARN_EMPTY_BODY = YES;
				CLANG_WARN_ENUM_CONVERSION = YES;
				CLANG_WARN_INFINITE_RECURSION = YES;
				CLANG_WARN_INT_CONVERSION = YES;
				CLANG_WARN_NON_LITERAL_NULL_CONVERSION = YES;
				CLANG_WARN_OBJC_IMPLICIT_RETAIN_SELF = YES;
				CLANG_WARN_OBJC_LITERAL_CONVERSION = YES;
				CLANG_WARN_OBJC_ROOT_CLASS = YES_ERROR;
				CLANG_WARN_QUOTED_INCLUDE_IN_FRAMEWORK_HEADER = YES;
				CLANG_WARN_RANGE_LOOP_ANALYSIS = YES;
				CLANG_WARN_STRICT_PROTOTYPES = YES;
				CLANG_WARN_SUSPICIOUS_MOVE = YES;
				CLANG_WARN_UNGUARDED_AVAILABILITY = YES_AGGRESSIVE;
				CLANG_WARN_UNREACHABLE_CODE = YES;
				CLANG_WARN__DUPLICATE_METHOD_MATCH = YES;
				COPY_PHASE_STRIP = NO;
				DEBUG_INFORMATION_FORMAT = "dwarf-with-dsym";
				ENABLE_NS_ASSERTIONS = NO;
				ENABLE_STRICT_OBJC_MSGSEND = YES;
				GCC_C_LANGUAGE_STANDARD = gnu11;
				GCC_NO_COMMON_BLOCKS = YES;
				GCC_WARN_64_TO_32_BIT_CONVERSION = YES;
				GCC_WARN_ABOUT_RETURN_TYPE = YES_ERROR;
				GCC_WARN_UNDECLARED_SELECTOR = YES;
				GCC_WARN_UNINITIALIZED_AUTOS = YES_AGGRESSIVE;
				GCC_WARN_UNUSED_FUNCTION = YES;
				GCC_WARN_UNUSED_VARIABLE = YES;
				IPHONEOS_DEPLOYMENT_TARGET = 16.4;
				MTL_ENABLE_DEBUG_INFO = NO;
				MTL_FAST_MATH = YES;
				SDKROOT = iphoneos;
				SWIFT_COMPILATION_MODE = wholemodule;
				SWIFT_OPTIMIZATION_LEVEL = "-O";
				VALIDATE_PRODUCT = YES;
			};
			name = Release;
		};
		CDBB90712A35C007006C9755 /* Debug */ = {
			isa = XCBuildConfiguration;
			buildSettings = {
				ASSETCATALOG_COMPILER_APPICON_NAME = AppIcon;
				ASSETCATALOG_COMPILER_GLOBAL_ACCENT_COLOR_NAME = AccentColor;
				CODE_SIGN_STYLE = Automatic;
				CURRENT_PROJECT_VERSION = 1;
				DEVELOPMENT_ASSET_PATHS = "\"HB Private Browser/Preview Content\"";
				DEVELOPMENT_TEAM = MPB6X29F75;
				ENABLE_PREVIEWS = YES;
				GENERATE_INFOPLIST_FILE = YES;
				INFOPLIST_FILE = "HB-Private-Browser-Info.plist";
				INFOPLIST_KEY_NSFaceIDUsageDescription = "";
				INFOPLIST_KEY_UIApplicationSceneManifest_Generation = YES;
				INFOPLIST_KEY_UIApplicationSupportsIndirectInputEvents = YES;
				INFOPLIST_KEY_UILaunchScreen_Generation = YES;
				INFOPLIST_KEY_UISupportedInterfaceOrientations_iPad = "UIInterfaceOrientationPortrait UIInterfaceOrientationPortraitUpsideDown UIInterfaceOrientationLandscapeLeft UIInterfaceOrientationLandscapeRight";
				INFOPLIST_KEY_UISupportedInterfaceOrientations_iPhone = "UIInterfaceOrientationPortrait UIInterfaceOrientationLandscapeLeft UIInterfaceOrientationLandscapeRight";
				LD_RUNPATH_SEARCH_PATHS = (
					"$(inherited)",
					"@executable_path/Frameworks",
				);
				MARKETING_VERSION = 1.0;
				PRODUCT_BUNDLE_IDENTIFIER = "com.ben.HB-Private-Browser";
				PRODUCT_NAME = "$(TARGET_NAME)";
				SWIFT_EMIT_LOC_STRINGS = YES;
				SWIFT_VERSION = 5.0;
				TARGETED_DEVICE_FAMILY = "1,2";
			};
			name = Debug;
		};
		CDBB90722A35C007006C9755 /* Release */ = {
			isa = XCBuildConfiguration;
			buildSettings = {
				ASSETCATALOG_COMPILER_APPICON_NAME = AppIcon;
				ASSETCATALOG_COMPILER_GLOBAL_ACCENT_COLOR_NAME = AccentColor;
				CODE_SIGN_STYLE = Automatic;
				CURRENT_PROJECT_VERSION = 1;
				DEVELOPMENT_ASSET_PATHS = "\"HB Private Browser/Preview Content\"";
				DEVELOPMENT_TEAM = MPB6X29F75;
				ENABLE_PREVIEWS = YES;
				GENERATE_INFOPLIST_FILE = YES;
				INFOPLIST_FILE = "HB-Private-Browser-Info.plist";
				INFOPLIST_KEY_NSFaceIDUsageDescription = "";
				INFOPLIST_KEY_UIApplicationSceneManifest_Generation = YES;
				INFOPLIST_KEY_UIApplicationSupportsIndirectInputEvents = YES;
				INFOPLIST_KEY_UILaunchScreen_Generation = YES;
				INFOPLIST_KEY_UISupportedInterfaceOrientations_iPad = "UIInterfaceOrientationPortrait UIInterfaceOrientationPortraitUpsideDown UIInterfaceOrientationLandscapeLeft UIInterfaceOrientationLandscapeRight";
				INFOPLIST_KEY_UISupportedInterfaceOrientations_iPhone = "UIInterfaceOrientationPortrait UIInterfaceOrientationLandscapeLeft UIInterfaceOrientationLandscapeRight";
				LD_RUNPATH_SEARCH_PATHS = (
					"$(inherited)",
					"@executable_path/Frameworks",
				);
				MARKETING_VERSION = 1.0;
				PRODUCT_BUNDLE_IDENTIFIER = "com.ben.HB-Private-Browser";
				PRODUCT_NAME = "$(TARGET_NAME)";
				SWIFT_EMIT_LOC_STRINGS = YES;
				SWIFT_VERSION = 5.0;
				TARGETED_DEVICE_FAMILY = "1,2";
			};
			name = Release;
		};
/* End XCBuildConfiguration section */

/* Begin XCConfigurationList section */
		CDBB905D2A35C006006C9755 /* Build configuration list for PBXProject "HB Private Browser" */ = {
			isa = XCConfigurationList;
			buildConfigurations = (
				CDBB906E2A35C007006C9755 /* Debug */,
				CDBB906F2A35C007006C9755 /* Release */,
			);
			defaultConfigurationIsVisible = 0;
			defaultConfigurationName = Release;
		};
		CDBB90702A35C007006C9755 /* Build configuration list for PBXNativeTarget "HB Private Browser" */ = {
			isa = XCConfigurationList;
			buildConfigurations = (
				CDBB90712A35C007006C9755 /* Debug */,
				CDBB90722A35C007006C9755 /* Release */,
			);
			defaultConfigurationIsVisible = 0;
			defaultConfigurationName = Release;
		};
/* End XCConfigurationList section */

/* Begin XCRemoteSwiftPackageReference section */
		CDBB908F2A393135006C9755 /* XCRemoteSwiftPackageReference "keychain-swift" */ = {
			isa = XCRemoteSwiftPackageReference;
			repositoryURL = "https://github.com/evgenyneu/keychain-swift";
			requirement = {
				kind = upToNextMajorVersion;
				minimumVersion = 20.0.0;
			};
		};
/* End XCRemoteSwiftPackageReference section */

/* Begin XCSwiftPackageProductDependency section */
		CDBB90902A393135006C9755 /* KeychainSwift */ = {
			isa = XCSwiftPackageProductDependency;
			package = CDBB908F2A393135006C9755 /* XCRemoteSwiftPackageReference "keychain-swift" */;
			productName = KeychainSwift;
		};
/* End XCSwiftPackageProductDependency section */
	};
	rootObject = CDBB905A2A35C006006C9755 /* Project object */;
}
